{
  "name": "wc-typeme",
  "version": "0.0.3",
  "lockfileVersion": 1,
  "requires": true,
  "dependencies": {
    "@stencil/core": {
      "version": "1.0.7",
      "resolved": "https://registry.npmjs.org/@stencil/core/-/core-1.0.7.tgz",
      "integrity": "sha512-RzH5CZuYSrk1gXZeWvh9gEIe93MAQficxnptAV/CX3SNtQNVHTFAuroj5d/XVhgR/TUwCD3FUJVvtNQIDgEt0w==",
      "dev": true,
      "requires": {
        "typescript": "3.5.2"
      }
    },
    "comlink": {
      "version": "4.0.1",
      "resolved": "https://registry.npmjs.org/comlink/-/comlink-4.0.1.tgz",
      "integrity": "sha512-xEI50m6xEff5aZ29Epd+eNP+Plq2xTcUXGDJeWNqptudNB0hr59NV2KIi1xz6igb/Y2azKKSAj4ehI3wgGbREw=="
    },
    "estree-walker": {
      "version": "0.6.1",
      "resolved": "https://registry.npmjs.org/estree-walker/-/estree-walker-0.6.1.tgz",
      "integrity": "sha512-SqmZANLWS0mnatqbSfRP5g8OXZC12Fgg1IwNtLsyHDzJizORW4khDfjPqJZsemPWBB2uqykUah5YpQ6epsqC/w==",
      "dev": true
    },
    "rollup-plugin-webworkify": {
      "version": "0.0.4",
      "resolved": "https://registry.npmjs.org/rollup-plugin-webworkify/-/rollup-plugin-webworkify-0.0.4.tgz",
      "integrity": "sha512-GvDPdz7qeakeB26cinVpxPgOBWHx/p3xua/itRXZ/30gGOK5QZeb/iu/9V4M7Zuhwmo2UPR1rViVX8OCqmhi1g==",
      "dev": true,
      "requires": {
        "rollup-pluginutils": "^2"
      }
    },
    "rollup-pluginutils": {
      "version": "2.8.1",
      "resolved": "https://registry.npmjs.org/rollup-pluginutils/-/rollup-pluginutils-2.8.1.tgz",
      "integrity": "sha512-J5oAoysWar6GuZo0s+3bZ6sVZAC0pfqKz68De7ZgDi5z63jOVZn1uJL/+z1jeKHNbGII8kAyHF5q8LnxSX5lQg==",
      "dev": true,
      "requires": {
        "estree-walker": "^0.6.1"
      }
    },
    "typescript": {
      "version": "3.5.2",
      "resolved": "https://registry.npmjs.org/typescript/-/typescript-3.5.2.tgz",
      "integrity": "sha512-7KxJovlYhTX5RaRbUdkAXN1KUZ8PwWlTzQdHV6xNqvuFOs7+WBo10TQUqT19Q/Jz2hk5v9TQDIhyLhhJY4p5AA==",
      "dev": true
    }
  }
}
